
Microsoft Visual Studio Solution File, Format Version 12.00
Project("{2150E333-8FDC-42A3-9474-1A3956D46DE8}") = "src", "src", "{AF2A5565-16E6-4DC8-8431-F9723A5898EB}"
EndProject
Project("{2150E333-8FDC-42A3-9474-1A3956D46DE8}") = "Hosts", "Hosts", "{D521379A-40F8-48EB-A545-76A238A0376C}"
EndProject
Project("{FAE04EC0-301F-11D3-BF4B-00C04F79EFBC}") = "Zilor.AICopilot.ServiceDefaults", "src\Zilor.AICopilot.ServiceDefaults\Zilor.AICopilot.ServiceDefaults.csproj", "{928FA5D9-DEE1-4B92-94F7-D4171D1D7C97}"
EndProject
Project("{FAE04EC0-301F-11D3-BF4B-00C04F79EFBC}") = "Zilor.AICopilot.HttpApi", "src\Zilor.AICopilot.HttpApi\Zilor.AICopilot.HttpApi.csproj", "{3897AE7D-17E3-47B4-AB53-4C7179A16A17}"
EndProject
Project("{FAE04EC0-301F-11D3-BF4B-00C04F79EFBC}") = "Zilor.AICopilot.AppHost", "src\Zilor.AICopilot.AppHost\Zilor.AICopilot.AppHost.csproj", "{B17D4BF6-4B4F-428A-B5D0-00B67CAA7CB3}"
EndProject
Project("{2150E333-8FDC-42A3-9474-1A3956D46DE8}") = "Core", "Core", "{50F4E192-9CFA-4E59-AF90-B3E6043B1C44}"
EndProject
Project("{2150E333-8FDC-42A3-9474-1A3956D46DE8}") = "Services", "Services", "{B1FD4B1B-84C6-48E6-9522-0E567C589A5F}"
EndProject
Project("{2150E333-8FDC-42A3-9474-1A3956D46DE8}") = "Infrastructure", "Infrastructure", "{AA58CFB8-FDE3-4BAC-BA9B-D060D85348E0}"
EndProject
Project("{FAE04EC0-301F-11D3-BF4B-00C04F79EFBC}") = "Zilor.AICopilot.EntityFrameworkCore", "src\Zilor.AICopilot.EntityFrameworkCore\Zilor.AICopilot.EntityFrameworkCore.csproj", "{BE6B7728-7F60-4C7A-B3B8-7AC3CE00FE0E}"
EndProject
Project("{FAE04EC0-301F-11D3-BF4B-00C04F79EFBC}") = "Zilor.AICopilot.MigrationWorkApp", "src\Zilor.AICopilot.MigrationWorkApp\Zilor.AICopilot.MigrationWorkApp.csproj", "{3BF53C76-4714-42BD-B97C-A84F05EAACE7}"
EndProject
Project("{2150E333-8FDC-42A3-9474-1A3956D46DE8}") = "Shared", "Shared", "{515F3AD7-B6CF-4F15-B7A2-45FE78B79510}"
EndProject
Project("{FAE04EC0-301F-11D3-BF4B-00C04F79EFBC}") = "Zilor.AICopilot.SharedKernel", "src\Zilor.AICopilot.SharedKernel\Zilor.AICopilot.SharedKernel.csproj", "{1E45FB31-EE24-4756-8BA1-7B7406CDF032}"
EndProject
Project("{FAE04EC0-301F-11D3-BF4B-00C04F79EFBC}") = "Zilor.AICopilot.IdentityService", "src\Zilor.AICopilot.IdentityService\Zilor.AICopilot.IdentityService.csproj", "{C0EF352E-5987-4B3A-8721-9CDACBCB26FA}"
EndProject
Project("{FAE04EC0-301F-11D3-BF4B-00C04F79EFBC}") = "Zilor.AICopilot.Infrastructure", "src\Zilor.AICopilot.Infrastructure\Zilor.AICopilot.Infrastructure.csproj", "{AF552A49-C09F-4DEE-8ECD-3386019FCC51}"
EndProject
Global
	GlobalSection(SolutionConfigurationPlatforms) = preSolution
		Debug|Any CPU = Debug|Any CPU
		Release|Any CPU = Release|Any CPU
	EndGlobalSection
	GlobalSection(NestedProjects) = preSolution
		{D521379A-40F8-48EB-A545-76A238A0376C} = {AF2A5565-16E6-4DC8-8431-F9723A5898EB}
		{928FA5D9-DEE1-4B92-94F7-D4171D1D7C97} = {D521379A-40F8-48EB-A545-76A238A0376C}
		{3897AE7D-17E3-47B4-AB53-4C7179A16A17} = {D521379A-40F8-48EB-A545-76A238A0376C}
		{50F4E192-9CFA-4E59-AF90-B3E6043B1C44} = {AF2A5565-16E6-4DC8-8431-F9723A5898EB}
		{B1FD4B1B-84C6-48E6-9522-0E567C589A5F} = {AF2A5565-16E6-4DC8-8431-F9723A5898EB}
		{B17D4BF6-4B4F-428A-B5D0-00B67CAA7CB3} = {D521379A-40F8-48EB-A545-76A238A0376C}
		{AA58CFB8-FDE3-4BAC-BA9B-D060D85348E0} = {AF2A5565-16E6-4DC8-8431-F9723A5898EB}
		{BE6B7728-7F60-4C7A-B3B8-7AC3CE00FE0E} = {AA58CFB8-FDE3-4BAC-BA9B-D060D85348E0}
		{3BF53C76-4714-42BD-B97C-A84F05EAACE7} = {D521379A-40F8-48EB-A545-76A238A0376C}
		{515F3AD7-B6CF-4F15-B7A2-45FE78B79510} = {AF2A5565-16E6-4DC8-8431-F9723A5898EB}
		{1E45FB31-EE24-4756-8BA1-7B7406CDF032} = {515F3AD7-B6CF-4F15-B7A2-45FE78B79510}
		{C0EF352E-5987-4B3A-8721-9CDACBCB26FA} = {B1FD4B1B-84C6-48E6-9522-0E567C589A5F}
		{AF552A49-C09F-4DEE-8ECD-3386019FCC51} = {AA58CFB8-FDE3-4BAC-BA9B-D060D85348E0}
	EndGlobalSection
	GlobalSection(ProjectConfigurationPlatforms) = postSolution
		{928FA5D9-DEE1-4B92-94F7-D4171D1D7C97}.Debug|Any CPU.ActiveCfg = Debug|Any CPU
		{928FA5D9-DEE1-4B92-94F7-D4171D1D7C97}.Debug|Any CPU.Build.0 = Debug|Any CPU
		{928FA5D9-DEE1-4B92-94F7-D4171D1D7C97}.Release|Any CPU.ActiveCfg = Release|Any CPU
		{928FA5D9-DEE1-4B92-94F7-D4171D1D7C97}.Release|Any CPU.Build.0 = Release|Any CPU
		{3897AE7D-17E3-47B4-AB53-4C7179A16A17}.Debug|Any CPU.ActiveCfg = Debug|Any CPU
		{3897AE7D-17E3-47B4-AB53-4C7179A16A17}.Debug|Any CPU.Build.0 = Debug|Any CPU
		{3897AE7D-17E3-47B4-AB53-4C7179A16A17}.Release|Any CPU.ActiveCfg = Release|Any CPU
		{3897AE7D-17E3-47B4-AB53-4C7179A16A17}.Release|Any CPU.Build.0 = Release|Any CPU
		{B17D4BF6-4B4F-428A-B5D0-00B67CAA7CB3}.Debug|Any CPU.ActiveCfg = Debug|Any CPU
		{B17D4BF6-4B4F-428A-B5D0-00B67CAA7CB3}.Debug|Any CPU.Build.0 = Debug|Any CPU
		{B17D4BF6-4B4F-428A-B5D0-00B67CAA7CB3}.Release|Any CPU.ActiveCfg = Release|Any CPU
		{B17D4BF6-4B4F-428A-B5D0-00B67CAA7CB3}.Release|Any CPU.Build.0 = Release|Any CPU
		{BE6B7728-7F60-4C7A-B3B8-7AC3CE00FE0E}.Debug|Any CPU.ActiveCfg = Debug|Any CPU
		{BE6B7728-7F60-4C7A-B3B8-7AC3CE00FE0E}.Debug|Any CPU.Build.0 = Debug|Any CPU
		{BE6B7728-7F60-4C7A-B3B8-7AC3CE00FE0E}.Release|Any CPU.ActiveCfg = Release|Any CPU
		{BE6B7728-7F60-4C7A-B3B8-7AC3CE00FE0E}.Release|Any CPU.Build.0 = Release|Any CPU
		{3BF53C76-4714-42BD-B97C-A84F05EAACE7}.Debug|Any CPU.ActiveCfg = Debug|Any CPU
		{3BF53C76-4714-42BD-B97C-A84F05EAACE7}.Debug|Any CPU.Build.0 = Debug|Any CPU
		{3BF53C76-4714-42BD-B97C-A84F05EAACE7}.Release|Any CPU.ActiveCfg = Release|Any CPU
		{3BF53C76-4714-42BD-B97C-A84F05EAACE7}.Release|Any CPU.Build.0 = Release|Any CPU
		{1E45FB31-EE24-4756-8BA1-7B7406CDF032}.Debug|Any CPU.ActiveCfg = Debug|Any CPU
		{1E45FB31-EE24-4756-8BA1-7B7406CDF032}.Debug|Any CPU.Build.0 = Debug|Any CPU
		{1E45FB31-EE24-4756-8BA1-7B7406CDF032}.Release|Any CPU.ActiveCfg = Release|Any CPU
		{1E45FB31-EE24-4756-8BA1-7B7406CDF032}.Release|Any CPU.Build.0 = Release|Any CPU
		{C0EF352E-5987-4B3A-8721-9CDACBCB26FA}.Debug|Any CPU.ActiveCfg = Debug|Any CPU
		{C0EF352E-5987-4B3A-8721-9CDACBCB26FA}.Debug|Any CPU.Build.0 = Debug|Any CPU
		{C0EF352E-5987-4B3A-8721-9CDACBCB26FA}.Release|Any CPU.ActiveCfg = Release|Any CPU
		{C0EF352E-5987-4B3A-8721-9CDACBCB26FA}.Release|Any CPU.Build.0 = Release|Any CPU
		{AF552A49-C09F-4DEE-8ECD-3386019FCC51}.Debug|Any CPU.ActiveCfg = Debug|Any CPU
		{AF552A49-C09F-4DEE-8ECD-3386019FCC51}.Debug|Any CPU.Build.0 = Debug|Any CPU
		{AF552A49-C09F-4DEE-8ECD-3386019FCC51}.Release|Any CPU.ActiveCfg = Release|Any CPU
		{AF552A49-C09F-4DEE-8ECD-3386019FCC51}.Release|Any CPU.Build.0 = Release|Any CPU
	EndGlobalSection
EndGlobal
